{
    "version": 3,
    "terraform_version": "0.11.13",
    "serial": 4,
    "lineage": "1903d142-7101-4a95-fc4a-bdcc39ffe63e",
    "modules": [
        {
            "path": [
                "root"
            ],
            "outputs": {
                "TANZU_IAM_INSTANCE_PROFILE": {
                    "sensitive": false,
                    "type": "string",
                    "value": "TANZU_IAM_INSTANCE_PROFILE"
                },
                "TANZU_IAM_ROLE": {
                    "sensitive": false,
                    "type": "string",
                    "value": "TANZU_IAM_ROLE"
                },
                "TANZU_IAM_USER_ARN": {
                    "sensitive": false,
                    "type": "string",
                    "value": "arn:aws:iam::335343756556:user/TANZU_IAM_USER"
                },
                "TANZU_IAM_USER_ID": {
                    "sensitive": false,
                    "type": "string",
                    "value": "TANZU_IAM_USER"
                },
                "TANZU_IAM_USER_NAME": {
                    "sensitive": false,
                    "type": "string",
                    "value": "TANZU_IAM_USER"
                },
                "TANZU_OPS_MANAGER_PUBLIC_IP": {
                    "sensitive": false,
                    "type": "list",
                    "value": [
                        "184.73.67.208"
                    ]
                },
                "TANZU_USER_access_key_id": {
                    "sensitive": false,
                    "type": "string",
                    "value": "AKIAU4FALUUGHF6VRIFT"
                },
                "TANZU_USER_access_key_secret": {
                    "sensitive": false,
                    "type": "string",
                    "value": "6P8aPeMkmyo493eoCcVW/gvCwoYQxMEzZ4WiLDVB"
                },
                "TANZU_VPC_INFRA_AZ1_SUBNET_CIDR": {
                    "sensitive": false,
                    "type": "string",
                    "value": "10.0.1.0/24"
                },
                "TANZU_VPC_INFRA_AZ1_SUBNET_ID": {
                    "sensitive": false,
                    "type": "string",
                    "value": "subnet-0e5ad0697a325e20e"
                },
                "TANZU_VPC_INFRA_AZ2_SUBNET_CIDR": {
                    "sensitive": false,
                    "type": "string",
                    "value": "10.0.2.0/24"
                },
                "TANZU_VPC_INFRA_AZ2_SUBNET_ID": {
                    "sensitive": false,
                    "type": "string",
                    "value": "subnet-006cc57724783abc2"
                },
                "TANZU_VPC_SECURITY_GROUP_ID": {
                    "sensitive": false,
                    "type": "list",
                    "value": [
                        "sg-0125e5935b01faa7a"
                    ]
                },
                "TANZU_VPC_SERVICES_AZ1_SUBNET_CIDR": {
                    "sensitive": false,
                    "type": "string",
                    "value": "10.0.31.0/24"
                },
                "TANZU_VPC_SERVICES_AZ1_SUBNET_ID": {
                    "sensitive": false,
                    "type": "string",
                    "value": "subnet-0cb80a92e7bd1f19a"
                },
                "TANZU_VPC_SERVICES_AZ2_SUBNET_CIDR": {
                    "sensitive": false,
                    "type": "string",
                    "value": "10.0.32.0/24"
                },
                "TANZU_VPC_SERVICES_AZ2_SUBNET_ID": {
                    "sensitive": false,
                    "type": "string",
                    "value": "subnet-03ddb33162bba7618"
                },
                "TANZU_VPC_TAS_AZ1_SUBNET_CIDR": {
                    "sensitive": false,
                    "type": "string",
                    "value": "10.0.11.0/24"
                },
                "TANZU_VPC_TAS_AZ1_SUBNET_ID": {
                    "sensitive": false,
                    "type": "string",
                    "value": "subnet-033db4039bb48a240"
                },
                "TANZU_VPC_TAS_AZ2_SUBNET_CIDR": {
                    "sensitive": false,
                    "type": "string",
                    "value": "10.0.12.0/24"
                },
                "TANZU_VPC_TAS_AZ2_SUBNET_ID": {
                    "sensitive": false,
                    "type": "string",
                    "value": "subnet-02ac0d8a060d8acac"
                },
                "TANZU_VPC_TKG_I_AZ1_SUBNET_CIDR": {
                    "sensitive": false,
                    "type": "string",
                    "value": "10.0.21.0/24"
                },
                "TANZU_VPC_TKG_I_AZ1_SUBNET_ID": {
                    "sensitive": false,
                    "type": "string",
                    "value": "subnet-0c52db7a826c5c03c"
                },
                "TANZU_VPC_TKG_I_AZ2_SUBNET_CIDR": {
                    "sensitive": false,
                    "type": "string",
                    "value": "10.0.22.0/24"
                },
                "TANZU_VPC_TKG_I_AZ2_SUBNET_ID": {
                    "sensitive": false,
                    "type": "string",
                    "value": "subnet-0cd23fe313da193ca"
                },
                "TANZU_VPC_id": {
                    "sensitive": false,
                    "type": "string",
                    "value": "vpc-0051908d6e38d0a5f"
                }
            },
            "resources": {
                "aws_iam_access_key.access_key": {
                    "type": "aws_iam_access_key",
                    "depends_on": [
                        "aws_iam_user.TANZU_IAM_USER"
                    ],
                    "primary": {
                        "id": "AKIAU4FALUUGHF6VRIFT",
                        "attributes": {
                            "id": "AKIAU4FALUUGHF6VRIFT",
                            "secret": "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",
                            "ses_smtp_password": "Ahf+BXrjjomNJxsVwHB3Vo6RJlAx6I86BPsdiMUBNoyp",
                            "ses_smtp_password_v4": "BEgcvjOh5aMNlm9m3+B94MbltPMRo0B5vXmPZmh2Dm0a",
                            "status": "Active",
                            "user": "TANZU_IAM_USER"
                        },
                        "meta": {},
                        "tainted": false
                    },
                    "deposed": [],
                    "provider": "provider.aws"
                },
                "aws_iam_instance_profile.TANZU_IAM_INSTANCE_PROFILE": {
                    "type": "aws_iam_instance_profile",
                    "depends_on": [
                        "aws_iam_role.TANZU_IAM_ROLE"
                    ],
                    "primary": {
                        "id": "TANZU_IAM_INSTANCE_PROFILE",
                        "attributes": {
                            "arn": "arn:aws:iam::335343756556:instance-profile/TANZU_IAM_INSTANCE_PROFILE",
                            "create_date": "2020-05-07T17:56:52Z",
                            "id": "TANZU_IAM_INSTANCE_PROFILE",
                            "name": "TANZU_IAM_INSTANCE_PROFILE",
                            "path": "/",
                            "role": "TANZU_IAM_ROLE",
                            "roles.#": "0",
                            "unique_id": "AIPAU4FALUUGBSHZ72ZUA"
                        },
                        "meta": {},
                        "tainted": false
                    },
                    "deposed": [],
                    "provider": "provider.aws"
                },
                "aws_iam_policy.TANZU_IAM_POLICY": {
                    "type": "aws_iam_policy",
                    "depends_on": [],
                    "primary": {
                        "id": "arn:aws:iam::335343756556:policy/TANZU_IAM_POLICY",
                        "attributes": {
                            "arn": "arn:aws:iam::335343756556:policy/TANZU_IAM_POLICY",
                            "description": "",
                            "id": "arn:aws:iam::335343756556:policy/TANZU_IAM_POLICY",
                            "name": "TANZU_IAM_POLICY",
                            "path": "/",
                            "policy": "{\n    \"Version\": \"2012-10-17\",\n    \"Statement\": [\n        {\n            \"Effect\": \"Allow\",\n            \"Action\": \"*\",\n            \"Resource\": \"*\"\n        }\n    ]\n}\n"
                        },
                        "meta": {},
                        "tainted": false
                    },
                    "deposed": [],
                    "provider": "provider.aws"
                },
                "aws_iam_policy_attachment.TANZU_IAM_ROLE_POLICY_ATTACH": {
                    "type": "aws_iam_policy_attachment",
                    "depends_on": [
                        "aws_iam_policy.TANZU_IAM_POLICY",
                        "aws_iam_role.TANZU_IAM_ROLE",
                        "aws_iam_user.TANZU_IAM_USER"
                    ],
                    "primary": {
                        "id": "TANZU_IAM_ROLE_POLICY_ATTACH",
                        "attributes": {
                            "groups.#": "0",
                            "id": "TANZU_IAM_ROLE_POLICY_ATTACH",
                            "name": "TANZU_IAM_ROLE_POLICY_ATTACH",
                            "policy_arn": "arn:aws:iam::335343756556:policy/TANZU_IAM_POLICY",
                            "roles.#": "1",
                            "roles.2734754283": "TANZU_IAM_ROLE",
                            "users.#": "1",
                            "users.2046514632": "TANZU_IAM_USER"
                        },
                        "meta": {},
                        "tainted": false
                    },
                    "deposed": [],
                    "provider": "provider.aws"
                },
                "aws_iam_role.TANZU_IAM_ROLE": {
                    "type": "aws_iam_role",
                    "depends_on": [],
                    "primary": {
                        "id": "TANZU_IAM_ROLE",
                        "attributes": {
                            "arn": "arn:aws:iam::335343756556:role/TANZU_IAM_ROLE",
                            "assume_role_policy": "{\"Version\":\"2012-10-17\",\"Statement\":[{\"Sid\":\"\",\"Effect\":\"Allow\",\"Principal\":{\"Service\":\"ec2.amazonaws.com\"},\"Action\":\"sts:AssumeRole\"}]}",
                            "create_date": "2020-05-07T17:56:50Z",
                            "description": "",
                            "force_detach_policies": "false",
                            "id": "TANZU_IAM_ROLE",
                            "max_session_duration": "3600",
                            "name": "TANZU_IAM_ROLE",
                            "path": "/",
                            "tags.%": "0",
                            "unique_id": "AROAU4FALUUGMZVLEZ47O"
                        },
                        "meta": {},
                        "tainted": false
                    },
                    "deposed": [],
                    "provider": "provider.aws"
                },
                "aws_iam_user.TANZU_IAM_USER": {
                    "type": "aws_iam_user",
                    "depends_on": [],
                    "primary": {
                        "id": "TANZU_IAM_USER",
                        "attributes": {
                            "arn": "arn:aws:iam::335343756556:user/TANZU_IAM_USER",
                            "force_destroy": "false",
                            "id": "TANZU_IAM_USER",
                            "name": "TANZU_IAM_USER",
                            "path": "/",
                            "tags.%": "0",
                            "unique_id": "AIDAU4FALUUGHH2PKJ5A5"
                        },
                        "meta": {},
                        "tainted": false
                    },
                    "deposed": [],
                    "provider": "provider.aws"
                },
                "aws_instance.TANZU_OPS_MANAGER": {
                    "type": "aws_instance",
                    "depends_on": [
                        "aws_iam_instance_profile.TANZU_IAM_INSTANCE_PROFILE",
                        "aws_key_pair.key_tf",
                        "aws_security_group.TANZU_VPC_Security_Group",
                        "aws_subnet.TANZU_VPC_INFRA_AZ1"
                    ],
                    "primary": {
                        "id": "i-0a102523763823a2f",
                        "attributes": {
                            "ami": "ami-0aac5f23906ab0036",
                            "arn": "arn:aws:ec2:us-east-1:335343756556:instance/i-0a102523763823a2f",
                            "associate_public_ip_address": "true",
                            "availability_zone": "us-east-1a",
                            "cpu_core_count": "2",
                            "cpu_threads_per_core": "1",
                            "credit_specification.#": "1",
                            "credit_specification.0.cpu_credits": "standard",
                            "disable_api_termination": "false",
                            "ebs_block_device.#": "0",
                            "ebs_optimized": "false",
                            "ephemeral_block_device.#": "0",
                            "get_password_data": "false",
                            "hibernation": "false",
                            "iam_instance_profile": "TANZU_IAM_INSTANCE_PROFILE",
                            "id": "i-0a102523763823a2f",
                            "instance_state": "running",
                            "instance_type": "t2.medium",
                            "ipv6_address_count": "0",
                            "ipv6_addresses.#": "0",
                            "key_name": "terraform-20200507175650082500000001",
                            "metadata_options.#": "1",
                            "metadata_options.0.http_endpoint": "enabled",
                            "metadata_options.0.http_put_response_hop_limit": "1",
                            "metadata_options.0.http_tokens": "optional",
                            "monitoring": "false",
                            "network_interface.#": "0",
                            "outpost_arn": "",
                            "password_data": "",
                            "placement_group": "",
                            "primary_network_interface_id": "eni-06dabd41aaf1a5ad7",
                            "private_dns": "ip-10-0-1-198.ec2.internal",
                            "private_ip": "10.0.1.198",
                            "public_dns": "ec2-184-73-67-208.compute-1.amazonaws.com",
                            "public_ip": "184.73.67.208",
                            "root_block_device.#": "1",
                            "root_block_device.0.delete_on_termination": "true",
                            "root_block_device.0.device_name": "/dev/xvda",
                            "root_block_device.0.encrypted": "false",
                            "root_block_device.0.iops": "240",
                            "root_block_device.0.kms_key_id": "",
                            "root_block_device.0.volume_id": "vol-0fa1e4e3aeebe2ca2",
                            "root_block_device.0.volume_size": "80",
                            "root_block_device.0.volume_type": "gp2",
                            "security_groups.#": "0",
                            "source_dest_check": "true",
                            "subnet_id": "subnet-0e5ad0697a325e20e",
                            "tags.%": "1",
                            "tags.Name": "TANZU_OPS_MANAGER",
                            "tenancy": "default",
                            "user_data": "ad5220efa49383c11a78169063e94e27336ad450",
                            "volume_tags.%": "0",
                            "vpc_security_group_ids.#": "1",
                            "vpc_security_group_ids.1709234979": "sg-0125e5935b01faa7a"
                        },
                        "meta": {
                            "e2bfb730-ecaa-11e6-8f88-34363bc7c4c0": {
                                "create": 600000000000,
                                "delete": 1200000000000,
                                "update": 600000000000
                            },
                            "schema_version": "1"
                        },
                        "tainted": false
                    },
                    "deposed": [],
                    "provider": "provider.aws"
                },
                "aws_internet_gateway.TANZU_VPC_IGW": {
                    "type": "aws_internet_gateway",
                    "depends_on": [
                        "aws_vpc.TANZU_VPC"
                    ],
                    "primary": {
                        "id": "igw-008ffa399a20c6eaf",
                        "attributes": {
                            "id": "igw-008ffa399a20c6eaf",
                            "owner_id": "335343756556",
                            "tags.%": "1",
                            "tags.Name": "TANZU_VPC_IGW",
                            "vpc_id": "vpc-0051908d6e38d0a5f"
                        },
                        "meta": {},
                        "tainted": false
                    },
                    "deposed": [],
                    "provider": "provider.aws"
                },
                "aws_key_pair.key_tf": {
                    "type": "aws_key_pair",
                    "depends_on": [
                        "data.local_file.key_pub"
                    ],
                    "primary": {
                        "id": "terraform-20200507175650082500000001",
                        "attributes": {
                            "fingerprint": "df:67:ea:01:83:7a:0b:2e:ed:d9:73:6b:d2:41:66:1a",
                            "id": "terraform-20200507175650082500000001",
                            "key_name": "terraform-20200507175650082500000001",
                            "key_pair_id": "key-07e0ed4052c4393ec",
                            "public_key": "ssh-rsa AAAAB3NzaC1yc2EAAAADAQABAAABAQDBowztn/Z4inigOLB5+0eI8KY4Olh+DZ+r1M+F5O8/BvQqQgOyA10FxI+JkXlKOmX18bPTRqemg1FslCqW98kFKOInvVz6XOq4pJKR09/Hy/JWVgcz1WBl523j4iUt1qlB5NRYxtAbN+3exCBeFzvmpze++ou4UAHTS8aLF1hOtCN5lSB4EcMZDMMwH3JJjs8QxdCbQEAeHv8KTUNWJmqZa2RnDBsdFUX3l1IwwZZupWLonYC8VbePlrDI6GC5OA2URl4JmY3oyr2YHw+Ga5GXe+8buFYBz528LwoJgiNk2p2plffGu9GtjXUO+2pHA54T1pAD6yl/aPEyCAM1bbMp",
                            "tags.%": "0"
                        },
                        "meta": {
                            "schema_version": "1"
                        },
                        "tainted": false
                    },
                    "deposed": [],
                    "provider": "provider.aws"
                },
                "aws_network_acl.TANZU_VPC_Security_ACL": {
                    "type": "aws_network_acl",
                    "depends_on": [
                        "aws_subnet.TANZU_VPC_INFRA_AZ1",
                        "aws_subnet.TANZU_VPC_INFRA_AZ2",
                        "aws_subnet.TANZU_VPC_SERVICES_AZ1",
                        "aws_subnet.TANZU_VPC_SERVICES_AZ2",
                        "aws_subnet.TANZU_VPC_TAS_AZ1",
                        "aws_subnet.TANZU_VPC_TAS_AZ2",
                        "aws_subnet.TANZU_VPC_TKG_I_AZ1",
                        "aws_subnet.TANZU_VPC_TKG_I_AZ2",
                        "aws_vpc.TANZU_VPC"
                    ],
                    "primary": {
                        "id": "acl-0c750ca6da747285a",
                        "attributes": {
                            "egress.#": "1",
                            "egress.1401401844.action": "allow",
                            "egress.1401401844.cidr_block": "0.0.0.0/0",
                            "egress.1401401844.from_port": "0",
                            "egress.1401401844.icmp_code": "0",
                            "egress.1401401844.icmp_type": "0",
                            "egress.1401401844.ipv6_cidr_block": "",
                            "egress.1401401844.protocol": "-1",
                            "egress.1401401844.rule_no": "100",
                            "egress.1401401844.to_port": "0",
                            "id": "acl-0c750ca6da747285a",
                            "ingress.#": "1",
                            "ingress.1401401844.action": "allow",
                            "ingress.1401401844.cidr_block": "0.0.0.0/0",
                            "ingress.1401401844.from_port": "0",
                            "ingress.1401401844.icmp_code": "0",
                            "ingress.1401401844.icmp_type": "0",
                            "ingress.1401401844.ipv6_cidr_block": "",
                            "ingress.1401401844.protocol": "-1",
                            "ingress.1401401844.rule_no": "100",
                            "ingress.1401401844.to_port": "0",
                            "owner_id": "335343756556",
                            "subnet_ids.#": "8",
                            "subnet_ids.1148103058": "subnet-02ac0d8a060d8acac",
                            "subnet_ids.1696576697": "subnet-03ddb33162bba7618",
                            "subnet_ids.1719729840": "subnet-033db4039bb48a240",
                            "subnet_ids.1749723635": "subnet-006cc57724783abc2",
                            "subnet_ids.1940460970": "subnet-0cb80a92e7bd1f19a",
                            "subnet_ids.2668068370": "subnet-0cd23fe313da193ca",
                            "subnet_ids.3705757049": "subnet-0c52db7a826c5c03c",
                            "subnet_ids.441234801": "subnet-0e5ad0697a325e20e",
                            "tags.%": "1",
                            "tags.Name": "TANZU_VPC_Security_ACL",
                            "vpc_id": "vpc-0051908d6e38d0a5f"
                        },
                        "meta": {},
                        "tainted": false
                    },
                    "deposed": [],
                    "provider": "provider.aws"
                },
                "aws_route.TANZU_VPC_internet_access": {
                    "type": "aws_route",
                    "depends_on": [
                        "aws_internet_gateway.TANZU_VPC_IGW",
                        "aws_route_table.TANZU_VPC_RT"
                    ],
                    "primary": {
                        "id": "r-rtb-0593ee6a2b11513451080289494",
                        "attributes": {
                            "destination_cidr_block": "0.0.0.0/0",
                            "destination_prefix_list_id": "",
                            "egress_only_gateway_id": "",
                            "gateway_id": "igw-008ffa399a20c6eaf",
                            "id": "r-rtb-0593ee6a2b11513451080289494",
                            "instance_id": "",
                            "instance_owner_id": "",
                            "nat_gateway_id": "",
                            "network_interface_id": "",
                            "origin": "CreateRoute",
                            "route_table_id": "rtb-0593ee6a2b1151345",
                            "state": "active",
                            "transit_gateway_id": "",
                            "vpc_peering_connection_id": ""
                        },
                        "meta": {
                            "e2bfb730-ecaa-11e6-8f88-34363bc7c4c0": {
                                "create": 120000000000,
                                "delete": 300000000000
                            }
                        },
                        "tainted": false
                    },
                    "deposed": [],
                    "provider": "provider.aws"
                },
                "aws_route_table.TANZU_VPC_RT": {
                    "type": "aws_route_table",
                    "depends_on": [
                        "aws_vpc.TANZU_VPC"
                    ],
                    "primary": {
                        "id": "rtb-0593ee6a2b1151345",
                        "attributes": {
                            "id": "rtb-0593ee6a2b1151345",
                            "owner_id": "335343756556",
                            "propagating_vgws.#": "0",
                            "route.#": "0",
                            "tags.%": "1",
                            "tags.Name": "TANZU_VPC_RT",
                            "vpc_id": "vpc-0051908d6e38d0a5f"
                        },
                        "meta": {},
                        "tainted": false
                    },
                    "deposed": [],
                    "provider": "provider.aws"
                },
                "aws_route_table_association.TANZU_VPC_INFRA_AZ1_association": {
                    "type": "aws_route_table_association",
                    "depends_on": [
                        "aws_route_table.TANZU_VPC_RT",
                        "aws_subnet.TANZU_VPC_INFRA_AZ1"
                    ],
                    "primary": {
                        "id": "rtbassoc-00688da11fdf4ffe0",
                        "attributes": {
                            "id": "rtbassoc-00688da11fdf4ffe0",
                            "route_table_id": "rtb-0593ee6a2b1151345",
                            "subnet_id": "subnet-0e5ad0697a325e20e"
                        },
                        "meta": {},
                        "tainted": false
                    },
                    "deposed": [],
                    "provider": "provider.aws"
                },
                "aws_route_table_association.TANZU_VPC_INFRA_AZ2_association": {
                    "type": "aws_route_table_association",
                    "depends_on": [
                        "aws_route_table.TANZU_VPC_RT",
                        "aws_subnet.TANZU_VPC_INFRA_AZ2"
                    ],
                    "primary": {
                        "id": "rtbassoc-073a06066fdc28abe",
                        "attributes": {
                            "id": "rtbassoc-073a06066fdc28abe",
                            "route_table_id": "rtb-0593ee6a2b1151345",
                            "subnet_id": "subnet-006cc57724783abc2"
                        },
                        "meta": {},
                        "tainted": false
                    },
                    "deposed": [],
                    "provider": "provider.aws"
                },
                "aws_route_table_association.TANZU_VPC_SERVICES_AZ1_association": {
                    "type": "aws_route_table_association",
                    "depends_on": [
                        "aws_route_table.TANZU_VPC_RT",
                        "aws_subnet.TANZU_VPC_SERVICES_AZ1"
                    ],
                    "primary": {
                        "id": "rtbassoc-0fd1d341d1f89373e",
                        "attributes": {
                            "id": "rtbassoc-0fd1d341d1f89373e",
                            "route_table_id": "rtb-0593ee6a2b1151345",
                            "subnet_id": "subnet-0cb80a92e7bd1f19a"
                        },
                        "meta": {},
                        "tainted": false
                    },
                    "deposed": [],
                    "provider": "provider.aws"
                },
                "aws_route_table_association.TANZU_VPC_SERVICES_AZ2_association": {
                    "type": "aws_route_table_association",
                    "depends_on": [
                        "aws_route_table.TANZU_VPC_RT",
                        "aws_subnet.TANZU_VPC_SERVICES_AZ2"
                    ],
                    "primary": {
                        "id": "rtbassoc-04207fc71d74502df",
                        "attributes": {
                            "id": "rtbassoc-04207fc71d74502df",
                            "route_table_id": "rtb-0593ee6a2b1151345",
                            "subnet_id": "subnet-03ddb33162bba7618"
                        },
                        "meta": {},
                        "tainted": false
                    },
                    "deposed": [],
                    "provider": "provider.aws"
                },
                "aws_route_table_association.TANZU_VPC_TAS_AZ1_association": {
                    "type": "aws_route_table_association",
                    "depends_on": [
                        "aws_route_table.TANZU_VPC_RT",
                        "aws_subnet.TANZU_VPC_TAS_AZ1"
                    ],
                    "primary": {
                        "id": "rtbassoc-07776fb192ab82ef4",
                        "attributes": {
                            "id": "rtbassoc-07776fb192ab82ef4",
                            "route_table_id": "rtb-0593ee6a2b1151345",
                            "subnet_id": "subnet-033db4039bb48a240"
                        },
                        "meta": {},
                        "tainted": false
                    },
                    "deposed": [],
                    "provider": "provider.aws"
                },
                "aws_route_table_association.TANZU_VPC_TAS_AZ2_association": {
                    "type": "aws_route_table_association",
                    "depends_on": [
                        "aws_route_table.TANZU_VPC_RT",
                        "aws_subnet.TANZU_VPC_TAS_AZ2"
                    ],
                    "primary": {
                        "id": "rtbassoc-091ac74b040fbebb1",
                        "attributes": {
                            "id": "rtbassoc-091ac74b040fbebb1",
                            "route_table_id": "rtb-0593ee6a2b1151345",
                            "subnet_id": "subnet-02ac0d8a060d8acac"
                        },
                        "meta": {},
                        "tainted": false
                    },
                    "deposed": [],
                    "provider": "provider.aws"
                },
                "aws_route_table_association.TANZU_VPC_TKG_I_AZ1_association": {
                    "type": "aws_route_table_association",
                    "depends_on": [
                        "aws_route_table.TANZU_VPC_RT",
                        "aws_subnet.TANZU_VPC_TKG_I_AZ1"
                    ],
                    "primary": {
                        "id": "rtbassoc-0f73e2fff39330c08",
                        "attributes": {
                            "id": "rtbassoc-0f73e2fff39330c08",
                            "route_table_id": "rtb-0593ee6a2b1151345",
                            "subnet_id": "subnet-0c52db7a826c5c03c"
                        },
                        "meta": {},
                        "tainted": false
                    },
                    "deposed": [],
                    "provider": "provider.aws"
                },
                "aws_route_table_association.TANZU_VPC_TKG_I_AZ2_association": {
                    "type": "aws_route_table_association",
                    "depends_on": [
                        "aws_route_table.TANZU_VPC_RT",
                        "aws_subnet.TANZU_VPC_TKG_I_AZ2"
                    ],
                    "primary": {
                        "id": "rtbassoc-0953ce7f5b25a4c33",
                        "attributes": {
                            "id": "rtbassoc-0953ce7f5b25a4c33",
                            "route_table_id": "rtb-0593ee6a2b1151345",
                            "subnet_id": "subnet-0cd23fe313da193ca"
                        },
                        "meta": {},
                        "tainted": false
                    },
                    "deposed": [],
                    "provider": "provider.aws"
                },
                "aws_security_group.TANZU_VPC_Security_Group": {
                    "type": "aws_security_group",
                    "depends_on": [
                        "aws_vpc.TANZU_VPC"
                    ],
                    "primary": {
                        "id": "sg-0125e5935b01faa7a",
                        "attributes": {
                            "arn": "arn:aws:ec2:us-east-1:335343756556:security-group/sg-0125e5935b01faa7a",
                            "description": "PCF_VPC_Security_Group",
                            "egress.#": "1",
                            "egress.482069346.cidr_blocks.#": "1",
                            "egress.482069346.cidr_blocks.0": "0.0.0.0/0",
                            "egress.482069346.description": "",
                            "egress.482069346.from_port": "0",
                            "egress.482069346.ipv6_cidr_blocks.#": "0",
                            "egress.482069346.prefix_list_ids.#": "0",
                            "egress.482069346.protocol": "-1",
                            "egress.482069346.security_groups.#": "0",
                            "egress.482069346.self": "false",
                            "egress.482069346.to_port": "0",
                            "id": "sg-0125e5935b01faa7a",
                            "ingress.#": "1",
                            "ingress.482069346.cidr_blocks.#": "1",
                            "ingress.482069346.cidr_blocks.0": "0.0.0.0/0",
                            "ingress.482069346.description": "",
                            "ingress.482069346.from_port": "0",
                            "ingress.482069346.ipv6_cidr_blocks.#": "0",
                            "ingress.482069346.prefix_list_ids.#": "0",
                            "ingress.482069346.protocol": "-1",
                            "ingress.482069346.security_groups.#": "0",
                            "ingress.482069346.self": "false",
                            "ingress.482069346.to_port": "0",
                            "name": "PCF_VPC_Security_Group",
                            "owner_id": "335343756556",
                            "revoke_rules_on_delete": "false",
                            "tags.%": "1",
                            "tags.Name": "TANZU_VPC_Security_Group",
                            "vpc_id": "vpc-0051908d6e38d0a5f"
                        },
                        "meta": {
                            "e2bfb730-ecaa-11e6-8f88-34363bc7c4c0": {
                                "create": 600000000000,
                                "delete": 600000000000
                            },
                            "schema_version": "1"
                        },
                        "tainted": false
                    },
                    "deposed": [],
                    "provider": "provider.aws"
                },
                "aws_subnet.TANZU_VPC_INFRA_AZ1": {
                    "type": "aws_subnet",
                    "depends_on": [
                        "aws_vpc.TANZU_VPC"
                    ],
                    "primary": {
                        "id": "subnet-0e5ad0697a325e20e",
                        "attributes": {
                            "arn": "arn:aws:ec2:us-east-1:335343756556:subnet/subnet-0e5ad0697a325e20e",
                            "assign_ipv6_address_on_creation": "false",
                            "availability_zone": "us-east-1a",
                            "availability_zone_id": "use1-az2",
                            "cidr_block": "10.0.1.0/24",
                            "id": "subnet-0e5ad0697a325e20e",
                            "ipv6_cidr_block": "",
                            "ipv6_cidr_block_association_id": "",
                            "map_public_ip_on_launch": "true",
                            "outpost_arn": "",
                            "owner_id": "335343756556",
                            "tags.%": "1",
                            "tags.Name": "TANZU_VPC_INFRA_AZ1",
                            "vpc_id": "vpc-0051908d6e38d0a5f"
                        },
                        "meta": {
                            "e2bfb730-ecaa-11e6-8f88-34363bc7c4c0": {
                                "create": 600000000000,
                                "delete": 1200000000000
                            },
                            "schema_version": "1"
                        },
                        "tainted": false
                    },
                    "deposed": [],
                    "provider": "provider.aws"
                },
                "aws_subnet.TANZU_VPC_INFRA_AZ2": {
                    "type": "aws_subnet",
                    "depends_on": [
                        "aws_vpc.TANZU_VPC"
                    ],
                    "primary": {
                        "id": "subnet-006cc57724783abc2",
                        "attributes": {
                            "arn": "arn:aws:ec2:us-east-1:335343756556:subnet/subnet-006cc57724783abc2",
                            "assign_ipv6_address_on_creation": "false",
                            "availability_zone": "us-east-1b",
                            "availability_zone_id": "use1-az4",
                            "cidr_block": "10.0.2.0/24",
                            "id": "subnet-006cc57724783abc2",
                            "ipv6_cidr_block": "",
                            "ipv6_cidr_block_association_id": "",
                            "map_public_ip_on_launch": "true",
                            "outpost_arn": "",
                            "owner_id": "335343756556",
                            "tags.%": "1",
                            "tags.Name": "TANZU_VPC_INFRA_AZ2",
                            "vpc_id": "vpc-0051908d6e38d0a5f"
                        },
                        "meta": {
                            "e2bfb730-ecaa-11e6-8f88-34363bc7c4c0": {
                                "create": 600000000000,
                                "delete": 1200000000000
                            },
                            "schema_version": "1"
                        },
                        "tainted": false
                    },
                    "deposed": [],
                    "provider": "provider.aws"
                },
                "aws_subnet.TANZU_VPC_SERVICES_AZ1": {
                    "type": "aws_subnet",
                    "depends_on": [
                        "aws_vpc.TANZU_VPC"
                    ],
                    "primary": {
                        "id": "subnet-0cb80a92e7bd1f19a",
                        "attributes": {
                            "arn": "arn:aws:ec2:us-east-1:335343756556:subnet/subnet-0cb80a92e7bd1f19a",
                            "assign_ipv6_address_on_creation": "false",
                            "availability_zone": "us-east-1a",
                            "availability_zone_id": "use1-az2",
                            "cidr_block": "10.0.31.0/24",
                            "id": "subnet-0cb80a92e7bd1f19a",
                            "ipv6_cidr_block": "",
                            "ipv6_cidr_block_association_id": "",
                            "map_public_ip_on_launch": "true",
                            "outpost_arn": "",
                            "owner_id": "335343756556",
                            "tags.%": "1",
                            "tags.Name": "TANZU_VPC_SERVICES_AZ1",
                            "vpc_id": "vpc-0051908d6e38d0a5f"
                        },
                        "meta": {
                            "e2bfb730-ecaa-11e6-8f88-34363bc7c4c0": {
                                "create": 600000000000,
                                "delete": 1200000000000
                            },
                            "schema_version": "1"
                        },
                        "tainted": false
                    },
                    "deposed": [],
                    "provider": "provider.aws"
                },
                "aws_subnet.TANZU_VPC_SERVICES_AZ2": {
                    "type": "aws_subnet",
                    "depends_on": [
                        "aws_vpc.TANZU_VPC"
                    ],
                    "primary": {
                        "id": "subnet-03ddb33162bba7618",
                        "attributes": {
                            "arn": "arn:aws:ec2:us-east-1:335343756556:subnet/subnet-03ddb33162bba7618",
                            "assign_ipv6_address_on_creation": "false",
                            "availability_zone": "us-east-1b",
                            "availability_zone_id": "use1-az4",
                            "cidr_block": "10.0.32.0/24",
                            "id": "subnet-03ddb33162bba7618",
                            "ipv6_cidr_block": "",
                            "ipv6_cidr_block_association_id": "",
                            "map_public_ip_on_launch": "true",
                            "outpost_arn": "",
                            "owner_id": "335343756556",
                            "tags.%": "1",
                            "tags.Name": "TANZU_VPC_SERVICES_AZ2",
                            "vpc_id": "vpc-0051908d6e38d0a5f"
                        },
                        "meta": {
                            "e2bfb730-ecaa-11e6-8f88-34363bc7c4c0": {
                                "create": 600000000000,
                                "delete": 1200000000000
                            },
                            "schema_version": "1"
                        },
                        "tainted": false
                    },
                    "deposed": [],
                    "provider": "provider.aws"
                },
                "aws_subnet.TANZU_VPC_TAS_AZ1": {
                    "type": "aws_subnet",
                    "depends_on": [
                        "aws_vpc.TANZU_VPC"
                    ],
                    "primary": {
                        "id": "subnet-033db4039bb48a240",
                        "attributes": {
                            "arn": "arn:aws:ec2:us-east-1:335343756556:subnet/subnet-033db4039bb48a240",
                            "assign_ipv6_address_on_creation": "false",
                            "availability_zone": "us-east-1a",
                            "availability_zone_id": "use1-az2",
                            "cidr_block": "10.0.11.0/24",
                            "id": "subnet-033db4039bb48a240",
                            "ipv6_cidr_block": "",
                            "ipv6_cidr_block_association_id": "",
                            "map_public_ip_on_launch": "true",
                            "outpost_arn": "",
                            "owner_id": "335343756556",
                            "tags.%": "1",
                            "tags.Name": "TANZU_VPC_TAS_AZ1",
                            "vpc_id": "vpc-0051908d6e38d0a5f"
                        },
                        "meta": {
                            "e2bfb730-ecaa-11e6-8f88-34363bc7c4c0": {
                                "create": 600000000000,
                                "delete": 1200000000000
                            },
                            "schema_version": "1"
                        },
                        "tainted": false
                    },
                    "deposed": [],
                    "provider": "provider.aws"
                },
                "aws_subnet.TANZU_VPC_TAS_AZ2": {
                    "type": "aws_subnet",
                    "depends_on": [
                        "aws_vpc.TANZU_VPC"
                    ],
                    "primary": {
                        "id": "subnet-02ac0d8a060d8acac",
                        "attributes": {
                            "arn": "arn:aws:ec2:us-east-1:335343756556:subnet/subnet-02ac0d8a060d8acac",
                            "assign_ipv6_address_on_creation": "false",
                            "availability_zone": "us-east-1b",
                            "availability_zone_id": "use1-az4",
                            "cidr_block": "10.0.12.0/24",
                            "id": "subnet-02ac0d8a060d8acac",
                            "ipv6_cidr_block": "",
                            "ipv6_cidr_block_association_id": "",
                            "map_public_ip_on_launch": "true",
                            "outpost_arn": "",
                            "owner_id": "335343756556",
                            "tags.%": "1",
                            "tags.Name": "TANZU_VPC_TAS_AZ2",
                            "vpc_id": "vpc-0051908d6e38d0a5f"
                        },
                        "meta": {
                            "e2bfb730-ecaa-11e6-8f88-34363bc7c4c0": {
                                "create": 600000000000,
                                "delete": 1200000000000
                            },
                            "schema_version": "1"
                        },
                        "tainted": false
                    },
                    "deposed": [],
                    "provider": "provider.aws"
                },
                "aws_subnet.TANZU_VPC_TKG_I_AZ1": {
                    "type": "aws_subnet",
                    "depends_on": [
                        "aws_vpc.TANZU_VPC"
                    ],
                    "primary": {
                        "id": "subnet-0c52db7a826c5c03c",
                        "attributes": {
                            "arn": "arn:aws:ec2:us-east-1:335343756556:subnet/subnet-0c52db7a826c5c03c",
                            "assign_ipv6_address_on_creation": "false",
                            "availability_zone": "us-east-1a",
                            "availability_zone_id": "use1-az2",
                            "cidr_block": "10.0.21.0/24",
                            "id": "subnet-0c52db7a826c5c03c",
                            "ipv6_cidr_block": "",
                            "ipv6_cidr_block_association_id": "",
                            "map_public_ip_on_launch": "true",
                            "outpost_arn": "",
                            "owner_id": "335343756556",
                            "tags.%": "1",
                            "tags.Name": "TANZU_VPC_TKG_I_AZ1",
                            "vpc_id": "vpc-0051908d6e38d0a5f"
                        },
                        "meta": {
                            "e2bfb730-ecaa-11e6-8f88-34363bc7c4c0": {
                                "create": 600000000000,
                                "delete": 1200000000000
                            },
                            "schema_version": "1"
                        },
                        "tainted": false
                    },
                    "deposed": [],
                    "provider": "provider.aws"
                },
                "aws_subnet.TANZU_VPC_TKG_I_AZ2": {
                    "type": "aws_subnet",
                    "depends_on": [
                        "aws_vpc.TANZU_VPC"
                    ],
                    "primary": {
                        "id": "subnet-0cd23fe313da193ca",
                        "attributes": {
                            "arn": "arn:aws:ec2:us-east-1:335343756556:subnet/subnet-0cd23fe313da193ca",
                            "assign_ipv6_address_on_creation": "false",
                            "availability_zone": "us-east-1a",
                            "availability_zone_id": "use1-az2",
                            "cidr_block": "10.0.22.0/24",
                            "id": "subnet-0cd23fe313da193ca",
                            "ipv6_cidr_block": "",
                            "ipv6_cidr_block_association_id": "",
                            "map_public_ip_on_launch": "true",
                            "outpost_arn": "",
                            "owner_id": "335343756556",
                            "tags.%": "1",
                            "tags.Name": "TANZU_VPC_TKG_I_AZ2",
                            "vpc_id": "vpc-0051908d6e38d0a5f"
                        },
                        "meta": {
                            "e2bfb730-ecaa-11e6-8f88-34363bc7c4c0": {
                                "create": 600000000000,
                                "delete": 1200000000000
                            },
                            "schema_version": "1"
                        },
                        "tainted": false
                    },
                    "deposed": [],
                    "provider": "provider.aws"
                },
                "aws_vpc.TANZU_VPC": {
                    "type": "aws_vpc",
                    "depends_on": [],
                    "primary": {
                        "id": "vpc-0051908d6e38d0a5f",
                        "attributes": {
                            "arn": "arn:aws:ec2:us-east-1:335343756556:vpc/vpc-0051908d6e38d0a5f",
                            "assign_generated_ipv6_cidr_block": "false",
                            "cidr_block": "10.0.0.0/16",
                            "default_network_acl_id": "acl-08bd52ea54305fc77",
                            "default_route_table_id": "rtb-0b5777557dac990e1",
                            "default_security_group_id": "sg-0d7fff9124fdbd480",
                            "dhcp_options_id": "dopt-8636a1e0",
                            "enable_classiclink": "false",
                            "enable_classiclink_dns_support": "false",
                            "enable_dns_hostnames": "true",
                            "enable_dns_support": "true",
                            "id": "vpc-0051908d6e38d0a5f",
                            "instance_tenancy": "default",
                            "ipv6_association_id": "",
                            "ipv6_cidr_block": "",
                            "main_route_table_id": "rtb-0b5777557dac990e1",
                            "owner_id": "335343756556",
                            "tags.%": "1",
                            "tags.Name": "TANZU_VPC"
                        },
                        "meta": {
                            "schema_version": "1"
                        },
                        "tainted": false
                    },
                    "deposed": [],
                    "provider": "provider.aws"
                },
                "data.local_file.key_pub": {
                    "type": "local_file",
                    "depends_on": [
                        "null_resource.key_gen"
                    ],
                    "primary": {
                        "id": "719ecd4d05265947c5d20de8cb263b46b79795be",
                        "attributes": {
                            "content": "ssh-rsa AAAAB3NzaC1yc2EAAAADAQABAAABAQDBowztn/Z4inigOLB5+0eI8KY4Olh+DZ+r1M+F5O8/BvQqQgOyA10FxI+JkXlKOmX18bPTRqemg1FslCqW98kFKOInvVz6XOq4pJKR09/Hy/JWVgcz1WBl523j4iUt1qlB5NRYxtAbN+3exCBeFzvmpze++ou4UAHTS8aLF1hOtCN5lSB4EcMZDMMwH3JJjs8QxdCbQEAeHv8KTUNWJmqZa2RnDBsdFUX3l1IwwZZupWLonYC8VbePlrDI6GC5OA2URl4JmY3oyr2YHw+Ga5GXe+8buFYBz528LwoJgiNk2p2plffGu9GtjXUO+2pHA54T1pAD6yl/aPEyCAM1bbMp\n",
                            "content_base64": "c3NoLXJzYSBBQUFBQjNOemFDMXljMkVBQUFBREFRQUJBQUFCQVFEQm93enRuL1o0aW5pZ09MQjUrMGVJOEtZNE9saCtEWityMU0rRjVPOC9CdlFxUWdPeUExMEZ4SStKa1hsS09tWDE4YlBUUnFlbWcxRnNsQ3FXOThrRktPSW52Vno2WE9xNHBKS1IwOS9IeS9KV1ZnY3oxV0JsNTIzajRpVXQxcWxCNU5SWXh0QWJOKzNleENCZUZ6dm1wemUrK291NFVBSFRTOGFMRjFoT3RDTjVsU0I0RWNNWkRNTXdIM0pKanM4UXhkQ2JRRUFlSHY4S1RVTldKbXFaYTJSbkRCc2RGVVgzbDFJd3daWnVwV0xvbllDOFZiZVBsckRJNkdDNU9BMlVSbDRKbVkzb3lyMllIdytHYTVHWGUrOGJ1RllCejUyOEx3b0pnaU5rMnAycGxmZkd1OUd0alhVTysycEhBNTRUMXBBRDZ5bC9hUEV5Q0FNMWJiTXAK",
                            "filename": "id_rsa.pub",
                            "id": "719ecd4d05265947c5d20de8cb263b46b79795be"
                        },
                        "meta": {},
                        "tainted": false
                    },
                    "deposed": [],
                    "provider": "provider.local"
                },
                "local_file.key_priv": {
                    "type": "local_file",
                    "depends_on": [
                        "tls_private_key.key"
                    ],
                    "primary": {
                        "id": "e63948c70638e4401754294322e182dc2dd36d10",
                        "attributes": {
                            "content": "-----BEGIN RSA PRIVATE KEY-----\nMIIEpQIBAAKCAQEAwaMM7Z/2eIp4oDiweftHiPCmODpYfg2fq9TPheTvPwb0KkID\nsgNdBcSPiZF5Sjpl9fGz00anpoNRbJQqlvfJBSjiJ71c+lzquKSSkdPfx8vyVlYH\nM9VgZedt4+IlLdapQeTUWMbQGzft3sQgXhc75qc3vvqLuFAB00vGixdYTrQjeZUg\neBHDGQzDMB9ySY7PEMXQm0BAHh7/Ck1DViZqmWtkZwwbHRVF95dSMMGWbqVi6J2A\nvFW3j5awyOhguTgNlEZeCZmN6Mq9mB8PhmuRl3vvG7hWAc+dvC8KCYIjZNqdqZX3\nxrvRrY11DvtqRwOeE9aQA+spf2jxMggDNW2zKQIDAQABAoIBAB+3AvEQmB/aHjOv\n1UfFXkwRjkf7Vm8e8B4Gtw6pFn5uNyOMuGo5nszJCvFvQDxmIDkOI3PhSKg/LeDo\ny6j6YJRVw+TaYRYojdE8Mz1rRGXHA6QcZwWYVzeZligS7B/73rEKN7Vqqr8qg+1O\nljaS+56lmL3Q7316rTHcYWJ6ql4JXiNvXr2a/Rq8YWDc1Tylc5LoZ1Tkxi2llhQY\nmFdEhx1Qn4MnhKTt75XUamsjtzWIFivIDYFO+va4FRDqDm9vIsUeddwMgFii0pau\niTYoPtBneyRFPBkif4JZtdwbhKy6fsqCa0QLOkilkn3uI5ogAfUfFUHvnRGbaoi2\nkYeihGECgYEA5q3r58VcvbBf3vXKzpPq792wUguGwZ1cFWHlFN92r/Yn7hMi6mj1\nZkJfmdEE7+g6NV2eCXHvQoEEL3VQxqdcuv3QxhRl6P0DmUZQcuStlybAzeW2W7h+\nD/jOjDRH7Fm+7LyEtiswaYOAP0o9zO+qaqFwf+KwIeWpJzM7jj/j4UUCgYEA1uQ8\n2GseFbp9wySTK525/7i8oCiAa7MW3o0z2GsG9hMHPxkGoBHi/27o0f+3QJASFVze\nJDbhOkyOUBPW9iQKTRil46TSCvgzDibBf0fLgGk8NrqmPnB3E9MWpgwkx5CvVKcE\nPWYoYEwEQ1/j4VqBgStNcPtic+VK7GIU26ZnnpUCgYEA0IzYxFeIOu5kHnz098J/\nGpDAQcyt7glIIQS6SR6mfPr8qp6eaHKvud2z9Kol3oeDaI/UuxFIkEV39TgI6TCS\nA3RI9WunnvZv9Hi/bsATuJ2OnhdZwJ6RSftVMShrBeE1XW4qRU/SmvIKVi3WpZrf\n5TtDLDtTpbGuNgR5iWd1rEkCgYEAwrJT9nlG7sTjARV4SgJD7U+Bh1Jq2CmQxN8G\nZETEL9uZqy+PcyQBmRDx3KJldBeUasqTchhPBDUsk50GHEkXFDcKxjAlJk8uYtn2\nYs23sYanSabezJ+1I78TPCqwgCe002vnSYHvfyAglLKikyEfSNrk9UKuNvc+ZOGQ\nqFoic+kCgYEA4n/zPqoZ6UyP+6NMDTQgAx1fRaT7Pb4RjQLwMvojlCjwME6SkFW7\naDaZBPZBGMa87fWxXrg4PJAiUDMZQd2HATG18MtzQuGc/njWOVvWshzvDubVadpQ\nXh1FB878yVr3j8UYYTs0ZHSIKOyNIcDcM8hk1V/GG2tTdC7UFau3UFA=\n-----END RSA PRIVATE KEY-----\n",
                            "directory_permission": "0777",
                            "file_permission": "0777",
                            "filename": "id_rsa",
                            "id": "e63948c70638e4401754294322e182dc2dd36d10"
                        },
                        "meta": {},
                        "tainted": false
                    },
                    "deposed": [],
                    "provider": "provider.local"
                },
                "null_resource.key_chown": {
                    "type": "null_resource",
                    "depends_on": [
                        "local_file.key_priv"
                    ],
                    "primary": {
                        "id": "6933043981337248159",
                        "attributes": {
                            "id": "6933043981337248159"
                        },
                        "meta": {},
                        "tainted": false
                    },
                    "deposed": [],
                    "provider": "provider.null"
                },
                "null_resource.key_gen": {
                    "type": "null_resource",
                    "depends_on": [
                        "local_file.key_priv"
                    ],
                    "primary": {
                        "id": "4182113646021634750",
                        "attributes": {
                            "id": "4182113646021634750"
                        },
                        "meta": {},
                        "tainted": false
                    },
                    "deposed": [],
                    "provider": "provider.null"
                },
                "tls_private_key.key": {
                    "type": "tls_private_key",
                    "depends_on": [],
                    "primary": {
                        "id": "4f04637083b1f96a1792e8908deaf833a737921f",
                        "attributes": {
                            "algorithm": "RSA",
                            "ecdsa_curve": "P224",
                            "id": "4f04637083b1f96a1792e8908deaf833a737921f",
                            "private_key_pem": "-----BEGIN RSA PRIVATE KEY-----\nMIIEpQIBAAKCAQEAwaMM7Z/2eIp4oDiweftHiPCmODpYfg2fq9TPheTvPwb0KkID\nsgNdBcSPiZF5Sjpl9fGz00anpoNRbJQqlvfJBSjiJ71c+lzquKSSkdPfx8vyVlYH\nM9VgZedt4+IlLdapQeTUWMbQGzft3sQgXhc75qc3vvqLuFAB00vGixdYTrQjeZUg\neBHDGQzDMB9ySY7PEMXQm0BAHh7/Ck1DViZqmWtkZwwbHRVF95dSMMGWbqVi6J2A\nvFW3j5awyOhguTgNlEZeCZmN6Mq9mB8PhmuRl3vvG7hWAc+dvC8KCYIjZNqdqZX3\nxrvRrY11DvtqRwOeE9aQA+spf2jxMggDNW2zKQIDAQABAoIBAB+3AvEQmB/aHjOv\n1UfFXkwRjkf7Vm8e8B4Gtw6pFn5uNyOMuGo5nszJCvFvQDxmIDkOI3PhSKg/LeDo\ny6j6YJRVw+TaYRYojdE8Mz1rRGXHA6QcZwWYVzeZligS7B/73rEKN7Vqqr8qg+1O\nljaS+56lmL3Q7316rTHcYWJ6ql4JXiNvXr2a/Rq8YWDc1Tylc5LoZ1Tkxi2llhQY\nmFdEhx1Qn4MnhKTt75XUamsjtzWIFivIDYFO+va4FRDqDm9vIsUeddwMgFii0pau\niTYoPtBneyRFPBkif4JZtdwbhKy6fsqCa0QLOkilkn3uI5ogAfUfFUHvnRGbaoi2\nkYeihGECgYEA5q3r58VcvbBf3vXKzpPq792wUguGwZ1cFWHlFN92r/Yn7hMi6mj1\nZkJfmdEE7+g6NV2eCXHvQoEEL3VQxqdcuv3QxhRl6P0DmUZQcuStlybAzeW2W7h+\nD/jOjDRH7Fm+7LyEtiswaYOAP0o9zO+qaqFwf+KwIeWpJzM7jj/j4UUCgYEA1uQ8\n2GseFbp9wySTK525/7i8oCiAa7MW3o0z2GsG9hMHPxkGoBHi/27o0f+3QJASFVze\nJDbhOkyOUBPW9iQKTRil46TSCvgzDibBf0fLgGk8NrqmPnB3E9MWpgwkx5CvVKcE\nPWYoYEwEQ1/j4VqBgStNcPtic+VK7GIU26ZnnpUCgYEA0IzYxFeIOu5kHnz098J/\nGpDAQcyt7glIIQS6SR6mfPr8qp6eaHKvud2z9Kol3oeDaI/UuxFIkEV39TgI6TCS\nA3RI9WunnvZv9Hi/bsATuJ2OnhdZwJ6RSftVMShrBeE1XW4qRU/SmvIKVi3WpZrf\n5TtDLDtTpbGuNgR5iWd1rEkCgYEAwrJT9nlG7sTjARV4SgJD7U+Bh1Jq2CmQxN8G\nZETEL9uZqy+PcyQBmRDx3KJldBeUasqTchhPBDUsk50GHEkXFDcKxjAlJk8uYtn2\nYs23sYanSabezJ+1I78TPCqwgCe002vnSYHvfyAglLKikyEfSNrk9UKuNvc+ZOGQ\nqFoic+kCgYEA4n/zPqoZ6UyP+6NMDTQgAx1fRaT7Pb4RjQLwMvojlCjwME6SkFW7\naDaZBPZBGMa87fWxXrg4PJAiUDMZQd2HATG18MtzQuGc/njWOVvWshzvDubVadpQ\nXh1FB878yVr3j8UYYTs0ZHSIKOyNIcDcM8hk1V/GG2tTdC7UFau3UFA=\n-----END RSA PRIVATE KEY-----\n",
                            "public_key_fingerprint_md5": "d7:2a:b9:17:ad:e9:48:ba:ed:63:e2:21:bd:39:0d:57",
                            "public_key_openssh": "ssh-rsa AAAAB3NzaC1yc2EAAAADAQABAAABAQDBowztn/Z4inigOLB5+0eI8KY4Olh+DZ+r1M+F5O8/BvQqQgOyA10FxI+JkXlKOmX18bPTRqemg1FslCqW98kFKOInvVz6XOq4pJKR09/Hy/JWVgcz1WBl523j4iUt1qlB5NRYxtAbN+3exCBeFzvmpze++ou4UAHTS8aLF1hOtCN5lSB4EcMZDMMwH3JJjs8QxdCbQEAeHv8KTUNWJmqZa2RnDBsdFUX3l1IwwZZupWLonYC8VbePlrDI6GC5OA2URl4JmY3oyr2YHw+Ga5GXe+8buFYBz528LwoJgiNk2p2plffGu9GtjXUO+2pHA54T1pAD6yl/aPEyCAM1bbMp\n",
                            "public_key_pem": "-----BEGIN PUBLIC KEY-----\nMIIBIjANBgkqhkiG9w0BAQEFAAOCAQ8AMIIBCgKCAQEAwaMM7Z/2eIp4oDiweftH\niPCmODpYfg2fq9TPheTvPwb0KkIDsgNdBcSPiZF5Sjpl9fGz00anpoNRbJQqlvfJ\nBSjiJ71c+lzquKSSkdPfx8vyVlYHM9VgZedt4+IlLdapQeTUWMbQGzft3sQgXhc7\n5qc3vvqLuFAB00vGixdYTrQjeZUgeBHDGQzDMB9ySY7PEMXQm0BAHh7/Ck1DViZq\nmWtkZwwbHRVF95dSMMGWbqVi6J2AvFW3j5awyOhguTgNlEZeCZmN6Mq9mB8PhmuR\nl3vvG7hWAc+dvC8KCYIjZNqdqZX3xrvRrY11DvtqRwOeE9aQA+spf2jxMggDNW2z\nKQIDAQAB\n-----END PUBLIC KEY-----\n",
                            "rsa_bits": "2048"
                        },
                        "meta": {},
                        "tainted": false
                    },
                    "deposed": [],
                    "provider": "provider.tls"
                }
            },
            "depends_on": []
        }
    ]
}
